
Microsoft Visual Studio Solution File, Format Version 12.00
# Visual Studio Version 17
VisualStudioVersion = 17.6.33723.286
MinimumVisualStudioVersion = 10.0.40219.1
Project("{FAE04EC0-301F-11D3-BF4B-00C04F79EFBC}") = "TradingJournal", "TradingJournal\TradingJournal.csproj", "{C15A6BA1-6E19-4243-A693-E098D895EC9F}"
EndProject
Global
	GlobalSection(SolutionConfigurationPlatforms) = preSolution
		Debug|Any CPU = Debug|Any CPU
		Release|Any CPU = Release|Any CPU
	EndGlobalSection
	GlobalSection(ProjectConfigurationPlatforms) = postSolution
		{C15A6BA1-6E19-4243-A693-E098D895EC9F}.Debug|Any CPU.ActiveCfg = Debug|Any CPU
		{C15A6BA1-6E19-4243-A693-E098D895EC9F}.Debug|Any CPU.Build.0 = Debug|Any CPU
		{C15A6BA1-6E19-4243-A693-E098D895EC9F}.Release|Any CPU.ActiveCfg = Release|Any CPU
		{C15A6BA1-6E19-4243-A693-E098D895EC9F}.Release|Any CPU.Build.0 = Release|Any CPU
	EndGlobalSection
	GlobalSection(SolutionProperties) = preSolution
		HideSolutionNode = FALSE
	EndGlobalSection
	GlobalSection(ExtensibilityGlobals) = postSolution
		SolutionGuid = {083CCCE4-F5AB-4FF8-A156-E895F3872CB7}
	EndGlobalSection
EndGlobal
